
Microsoft Visual Studio Solution File, Format Version 12.00
# Visual Studio Version 17
VisualStudioVersion = 17.11.35303.130
MinimumVisualStudioVersion = 10.0.40219.1
Project("{9A19103F-16F7-4668-BE54-9A1E7A4F7556}") = "LF10_Project", "LF10_Project.csproj", "{447A8675-BF6A-4541-A537-6192BCC6FDEC}"
EndProject
Global
	GlobalSection(SolutionConfigurationPlatforms) = preSolution
		Debug|Any CPU = Debug|Any CPU
		Release|Any CPU = Release|Any CPU
	EndGlobalSection
	GlobalSection(ProjectConfigurationPlatforms) = postSolution
		{447A8675-BF6A-4541-A537-6192BCC6FDEC}.Debug|Any CPU.ActiveCfg = Debug|Any CPU
		{447A8675-BF6A-4541-A537-6192BCC6FDEC}.Debug|Any CPU.Build.0 = Debug|Any CPU
		{447A8675-BF6A-4541-A537-6192BCC6FDEC}.Release|Any CPU.ActiveCfg = Release|Any CPU
		{447A8675-BF6A-4541-A537-6192BCC6FDEC}.Release|Any CPU.Build.0 = Release|Any CPU
	EndGlobalSection
	GlobalSection(SolutionProperties) = preSolution
		HideSolutionNode = FALSE
	EndGlobalSection
	GlobalSection(ExtensibilityGlobals) = postSolution
		SolutionGuid = {8A848810-CCA1-4B47-A17C-C004417E8157}
	EndGlobalSection
EndGlobal
